
Microsoft Visual Studio Solution File, Format Version 12.00
# Visual Studio Version 16
VisualStudioVersion = 16.0.30413.136
MinimumVisualStudioVersion = 10.0.40219.1
Project("{FAE04EC0-301F-11D3-BF4B-00C04F79EFBC}") = "Graphics13", "Graphics13\Graphics13.csproj", "{C73AAF2F-BA96-4354-B91C-5DC042B0B559}"
EndProject
Global
	GlobalSection(SolutionConfigurationPlatforms) = preSolution
		Debug|Any CPU = Debug|Any CPU
		Release|Any CPU = Release|Any CPU
	EndGlobalSection
	GlobalSection(ProjectConfigurationPlatforms) = postSolution
		{C73AAF2F-BA96-4354-B91C-5DC042B0B559}.Debug|Any CPU.ActiveCfg = Debug|Any CPU
		{C73AAF2F-BA96-4354-B91C-5DC042B0B559}.Debug|Any CPU.Build.0 = Debug|Any CPU
		{C73AAF2F-BA96-4354-B91C-5DC042B0B559}.Release|Any CPU.ActiveCfg = Release|Any CPU
		{C73AAF2F-BA96-4354-B91C-5DC042B0B559}.Release|Any CPU.Build.0 = Release|Any CPU
	EndGlobalSection
	GlobalSection(SolutionProperties) = preSolution
		HideSolutionNode = FALSE
	EndGlobalSection
	GlobalSection(ExtensibilityGlobals) = postSolution
		SolutionGuid = {A3C7600F-8FD6-4191-A732-38454D4766F3}
	EndGlobalSection
EndGlobal
